// !$*UTF8*$!
{
	archiveVersion = 1;
	classes = {
	};
	objectVersion = 56;
	objects = {

/* Begin PBXBuildFile section */
		48C1A0CD2AFC182000BF0582 /* ABEMoldsApp.swift in Sources */ = {isa = PBXBuildFile; fileRef = 48C1A0CC2AFC182000BF0582 /* ABEMoldsApp.swift */; };
		48C1A0CF2AFC182000BF0582 /* ContentView.swift in Sources */ = {isa = PBXBuildFile; fileRef = 48C1A0CE2AFC182000BF0582 /* ContentView.swift */; };
		48C1A0D12AFC182100BF0582 /* Assets.xcassets in Resources */ = {isa = PBXBuildFile; fileRef = 48C1A0D02AFC182100BF0582 /* Assets.xcassets */; };
		48C1A0D42AFC182100BF0582 /* Preview Assets.xcassets in Resources */ = {isa = PBXBuildFile; fileRef = 48C1A0D32AFC182100BF0582 /* Preview Assets.xcassets */; };
		48C1A0DE2AFC182100BF0582 /* ABEMoldsTests.swift in Sources */ = {isa = PBXBuildFile; fileRef = 48C1A0DD2AFC182100BF0582 /* ABEMoldsTests.swift */; };
		48C1A0E82AFC182100BF0582 /* ABEMoldsUITests.swift in Sources */ = {isa = PBXBuildFile; fileRef = 48C1A0E72AFC182100BF0582 /* ABEMoldsUITests.swift */; };
		48C1A0EA2AFC182100BF0582 /* ABEMoldsUITestsLaunchTests.swift in Sources */ = {isa = PBXBuildFile; fileRef = 48C1A0E92AFC182100BF0582 /* ABEMoldsUITestsLaunchTests.swift */; };
		48CC42412AFC1DA000C8A4AE /* CustomTabBar.swift in Sources */ = {isa = PBXBuildFile; fileRef = 48CC42402AFC1DA000C8A4AE /* CustomTabBar.swift */; };
/* End PBXBuildFile section */

/* Begin PBXContainerItemProxy section */
		48C1A0DA2AFC182100BF0582 /* PBXContainerItemProxy */ = {
			isa = PBXContainerItemProxy;
			containerPortal = 48C1A0C12AFC182000BF0582 /* Project object */;
			proxyType = 1;
			remoteGlobalIDString = 48C1A0C82AFC182000BF0582;
			remoteInfo = ABEMolds;
		};
		48C1A0E42AFC182100BF0582 /* PBXContainerItemProxy */ = {
			isa = PBXContainerItemProxy;
			containerPortal = 48C1A0C12AFC182000BF0582 /* Project object */;
			proxyType = 1;
			remoteGlobalIDString = 48C1A0C82AFC182000BF0582;
			remoteInfo = ABEMolds;
		};
/* End PBXContainerItemProxy section */

/* Begin PBXFileReference section */
		48C1A0C92AFC182000BF0582 /* ABEMolds.app */ = {isa = PBXFileReference; explicitFileType = wrapper.application; includeInIndex = 0; path = ABEMolds.app; sourceTree = BUILT_PRODUCTS_DIR; };
		48C1A0CC2AFC182000BF0582 /* ABEMoldsApp.swift */ = {isa = PBXFileReference; lastKnownFileType = sourcecode.swift; path = ABEMoldsApp.swift; sourceTree = "<group>"; };
		48C1A0CE2AFC182000BF0582 /* ContentView.swift */ = {isa = PBXFileReference; lastKnownFileType = sourcecode.swift; path = ContentView.swift; sourceTree = "<group>"; };
		48C1A0D02AFC182100BF0582 /* Assets.xcassets */ = {isa = PBXFileReference; lastKnownFileType = folder.assetcatalog; path = Assets.xcassets; sourceTree = "<group>"; };
		48C1A0D32AFC182100BF0582 /* Preview Assets.xcassets */ = {isa = PBXFileReference; lastKnownFileType = folder.assetcatalog; path = "Preview Assets.xcassets"; sourceTree = "<group>"; };
		48C1A0D92AFC182100BF0582 /* ABEMoldsTests.xctest */ = {isa = PBXFileReference; explicitFileType = wrapper.cfbundle; includeInIndex = 0; path = ABEMoldsTests.xctest; sourceTree = BUILT_PRODUCTS_DIR; };
		48C1A0DD2AFC182100BF0582 /* ABEMoldsTests.swift */ = {isa = PBXFileReference; lastKnownFileType = sourcecode.swift; path = ABEMoldsTests.swift; sourceTree = "<group>"; };
		48C1A0E32AFC182100BF0582 /* ABEMoldsUITests.xctest */ = {isa = PBXFileReference; explicitFileType = wrapper.cfbundle; includeInIndex = 0; path = ABEMoldsUITests.xctest; sourceTree = BUILT_PRODUCTS_DIR; };
		48C1A0E72AFC182100BF0582 /* ABEMoldsUITests.swift */ = {isa = PBXFileReference; lastKnownFileType = sourcecode.swift; path = ABEMoldsUITests.swift; sourceTree = "<group>"; };
		48C1A0E92AFC182100BF0582 /* ABEMoldsUITestsLaunchTests.swift */ = {isa = PBXFileReference; lastKnownFileType = sourcecode.swift; path = ABEMoldsUITestsLaunchTests.swift; sourceTree = "<group>"; };
		48CC42402AFC1DA000C8A4AE /* CustomTabBar.swift */ = {isa = PBXFileReference; lastKnownFileType = sourcecode.swift; path = CustomTabBar.swift; sourceTree = "<group>"; };
/* End PBXFileReference section */

/* Begin PBXFrameworksBuildPhase section */
		48C1A0C62AFC182000BF0582 /* Frameworks */ = {
			isa = PBXFrameworksBuildPhase;
			buildActionMask = 2147483647;
			files = (
			);
			runOnlyForDeploymentPostprocessing = 0;
		};
		48C1A0D62AFC182100BF0582 /* Frameworks */ = {
			isa = PBXFrameworksBuildPhase;
			buildActionMask = 2147483647;
			files = (
			);
			runOnlyForDeploymentPostprocessing = 0;
		};
		48C1A0E02AFC182100BF0582 /* Frameworks */ = {
			isa = PBXFrameworksBuildPhase;
			buildActionMask = 2147483647;
			files = (
			);
			runOnlyForDeploymentPostprocessing = 0;
		};
/* End PBXFrameworksBuildPhase section */

/* Begin PBXGroup section */
		48C1A0C02AFC182000BF0582 = {
			isa = PBXGroup;
			children = (
				48C1A0CB2AFC182000BF0582 /* ABEMolds */,
				48C1A0DC2AFC182100BF0582 /* ABEMoldsTests */,
				48C1A0E62AFC182100BF0582 /* ABEMoldsUITests */,
				48C1A0CA2AFC182000BF0582 /* Products */,
			);
			sourceTree = "<group>";
		};
		48C1A0CA2AFC182000BF0582 /* Products */ = {
			isa = PBXGroup;
			children = (
				48C1A0C92AFC182000BF0582 /* ABEMolds.app */,
				48C1A0D92AFC182100BF0582 /* ABEMoldsTests.xctest */,
				48C1A0E32AFC182100BF0582 /* ABEMoldsUITests.xctest */,
			);
			name = Products;
			sourceTree = "<group>";
		};
		48C1A0CB2AFC182000BF0582 /* ABEMolds */ = {
			isa = PBXGroup;
			children = (
				48E4C4142AFC2C24008A5A9C /* Helpers */,
				48E4C4132AFC2C07008A5A9C /* Models */,
				48E4C4122AFC2BF8008A5A9C /* ViewModels */,
				48E4C4102AFC2B9E008A5A9C /* Views */,
				48C1A0CC2AFC182000BF0582 /* ABEMoldsApp.swift */,
				48C1A0D02AFC182100BF0582 /* Assets.xcassets */,
				48C1A0D22AFC182100BF0582 /* Preview Content */,
			);
			path = ABEMolds;
			sourceTree = "<group>";
		};
		48C1A0D22AFC182100BF0582 /* Preview Content */ = {
			isa = PBXGroup;
			children = (
				48C1A0D32AFC182100BF0582 /* Preview Assets.xcassets */,
			);
			path = "Preview Content";
			sourceTree = "<group>";
		};
		48C1A0DC2AFC182100BF0582 /* ABEMoldsTests */ = {
			isa = PBXGroup;
			children = (
				48C1A0DD2AFC182100BF0582 /* ABEMoldsTests.swift */,
			);
			path = ABEMoldsTests;
			sourceTree = "<group>";
		};
		48C1A0E62AFC182100BF0582 /* ABEMoldsUITests */ = {
			isa = PBXGroup;
			children = (
				48C1A0E72AFC182100BF0582 /* ABEMoldsUITests.swift */,
				48C1A0E92AFC182100BF0582 /* ABEMoldsUITestsLaunchTests.swift */,
			);
			path = ABEMoldsUITests;
			sourceTree = "<group>";
		};
		48E4C4102AFC2B9E008A5A9C /* Views */ = {
			isa = PBXGroup;
			children = (
				48C1A0CE2AFC182000BF0582 /* ContentView.swift */,
				48E4C4112AFC2BAD008A5A9C /* Components */,
			);
			path = Views;
			sourceTree = "<group>";
		};
		48E4C4112AFC2BAD008A5A9C /* Components */ = {
			isa = PBXGroup;
			children = (
				48CC42402AFC1DA000C8A4AE /* CustomTabBar.swift */,
			);
			path = Components;
			sourceTree = "<group>";
		};
		48E4C4122AFC2BF8008A5A9C /* ViewModels */ = {
			isa = PBXGroup;
			children = (
			);
			path = ViewModels;
			sourceTree = "<group>";
		};
		48E4C4132AFC2C07008A5A9C /* Models */ = {
			isa = PBXGroup;
			children = (
			);
			path = Models;
			sourceTree = "<group>";
		};
		48E4C4142AFC2C24008A5A9C /* Helpers */ = {
			isa = PBXGroup;
			children = (
			);
			path = Helpers;
			sourceTree = "<group>";
		};
/* End PBXGroup section */

/* Begin PBXNativeTarget section */
		48C1A0C82AFC182000BF0582 /* ABEMolds */ = {
			isa = PBXNativeTarget;
			buildConfigurationList = 48C1A0ED2AFC182100BF0582 /* Build configuration list for PBXNativeTarget "ABEMolds" */;
			buildPhases = (
				48C1A0C52AFC182000BF0582 /* Sources */,
				48C1A0C62AFC182000BF0582 /* Frameworks */,
				48C1A0C72AFC182000BF0582 /* Resources */,
			);
			buildRules = (
			);
			dependencies = (
			);
			name = ABEMolds;
			productName = ABEMolds;
			productReference = 48C1A0C92AFC182000BF0582 /* ABEMolds.app */;
			productType = "com.apple.product-type.application";
		};
		48C1A0D82AFC182100BF0582 /* ABEMoldsTests */ = {
			isa = PBXNativeTarget;
			buildConfigurationList = 48C1A0F02AFC182100BF0582 /* Build configuration list for PBXNativeTarget "ABEMoldsTests" */;
			buildPhases = (
				48C1A0D52AFC182100BF0582 /* Sources */,
				48C1A0D62AFC182100BF0582 /* Frameworks */,
				48C1A0D72AFC182100BF0582 /* Resources */,
			);
			buildRules = (
			);
			dependencies = (
				48C1A0DB2AFC182100BF0582 /* PBXTargetDependency */,
			);
			name = ABEMoldsTests;
			productName = ABEMoldsTests;
			productReference = 48C1A0D92AFC182100BF0582 /* ABEMoldsTests.xctest */;
			productType = "com.apple.product-type.bundle.unit-test";
		};
		48C1A0E22AFC182100BF0582 /* ABEMoldsUITests */ = {
			isa = PBXNativeTarget;
			buildConfigurationList = 48C1A0F32AFC182100BF0582 /* Build configuration list for PBXNativeTarget "ABEMoldsUITests" */;
			buildPhases = (
				48C1A0DF2AFC182100BF0582 /* Sources */,
				48C1A0E02AFC182100BF0582 /* Frameworks */,
				48C1A0E12AFC182100BF0582 /* Resources */,
			);
			buildRules = (
			);
			dependencies = (
				48C1A0E52AFC182100BF0582 /* PBXTargetDependency */,
			);
			name = ABEMoldsUITests;
			productName = ABEMoldsUITests;
			productReference = 48C1A0E32AFC182100BF0582 /* ABEMoldsUITests.xctest */;
			productType = "com.apple.product-type.bundle.ui-testing";
		};
/* End PBXNativeTarget section */

/* Begin PBXProject section */
		48C1A0C12AFC182000BF0582 /* Project object */ = {
			isa = PBXProject;
			attributes = {
				BuildIndependentTargetsInParallel = 1;
				LastSwiftUpdateCheck = 1500;
				LastUpgradeCheck = 1500;
				TargetAttributes = {
					48C1A0C82AFC182000BF0582 = {
						CreatedOnToolsVersion = 15.0.1;
					};
					48C1A0D82AFC182100BF0582 = {
						CreatedOnToolsVersion = 15.0.1;
						TestTargetID = 48C1A0C82AFC182000BF0582;
					};
					48C1A0E22AFC182100BF0582 = {
						CreatedOnToolsVersion = 15.0.1;
						TestTargetID = 48C1A0C82AFC182000BF0582;
					};
				};
			};
			buildConfigurationList = 48C1A0C42AFC182000BF0582 /* Build configuration list for PBXProject "ABEMolds" */;
			compatibilityVersion = "Xcode 14.0";
			developmentRegion = en;
			hasScannedForEncodings = 0;
			knownRegions = (
				en,
				Base,
			);
			mainGroup = 48C1A0C02AFC182000BF0582;
			productRefGroup = 48C1A0CA2AFC182000BF0582 /* Products */;
			projectDirPath = "";
			projectRoot = "";
			targets = (
				48C1A0C82AFC182000BF0582 /* ABEMolds */,
				48C1A0D82AFC182100BF0582 /* ABEMoldsTests */,
				48C1A0E22AFC182100BF0582 /* ABEMoldsUITests */,
			);
		};
/* End PBXProject section */

/* Begin PBXResourcesBuildPhase section */
		48C1A0C72AFC182000BF0582 /* Resources */ = {
			isa = PBXResourcesBuildPhase;
			buildActionMask = 2147483647;
			files = (
				48C1A0D42AFC182100BF0582 /* Preview Assets.xcassets in Resources */,
				48C1A0D12AFC182100BF0582 /* Assets.xcassets in Resources */,
			);
			runOnlyForDeploymentPostprocessing = 0;
		};
		48C1A0D72AFC182100BF0582 /* Resources */ = {
			isa = PBXResourcesBuildPhase;
			buildActionMask = 2147483647;
			files = (
			);
			runOnlyForDeploymentPostprocessing = 0;
		};
		48C1A0E12AFC182100BF0582 /* Resources */ = {
			isa = PBXResourcesBuildPhase;
			buildActionMask = 2147483647;
			files = (
			);
			runOnlyForDeploymentPostprocessing = 0;
		};
/* End PBXResourcesBuildPhase section */

/* Begin PBXSourcesBuildPhase section */
		48C1A0C52AFC182000BF0582 /* Sources */ = {
			isa = PBXSourcesBuildPhase;
			buildActionMask = 2147483647;
			files = (
				48C1A0CF2AFC182000BF0582 /* ContentView.swift in Sources */,
				48CC42412AFC1DA000C8A4AE /* CustomTabBar.swift in Sources */,
				48C1A0CD2AFC182000BF0582 /* ABEMoldsApp.swift in Sources */,
			);
			runOnlyForDeploymentPostprocessing = 0;
		};
		48C1A0D52AFC182100BF0582 /* Sources */ = {
			isa = PBXSourcesBuildPhase;
			buildActionMask = 2147483647;
			files = (
				48C1A0DE2AFC182100BF0582 /* ABEMoldsTests.swift in Sources */,
			);
			runOnlyForDeploymentPostprocessing = 0;
		};
		48C1A0DF2AFC182100BF0582 /* Sources */ = {
			isa = PBXSourcesBuildPhase;
			buildActionMask = 2147483647;
			files = (
				48C1A0EA2AFC182100BF0582 /* ABEMoldsUITestsLaunchTests.swift in Sources */,
				48C1A0E82AFC182100BF0582 /* ABEMoldsUITests.swift in Sources */,
			);
			runOnlyForDeploymentPostprocessing = 0;
		};
/* End PBXSourcesBuildPhase section */

/* Begin PBXTargetDependency section */
		48C1A0DB2AFC182100BF0582 /* PBXTargetDependency */ = {
			isa = PBXTargetDependency;
			target = 48C1A0C82AFC182000BF0582 /* ABEMolds */;
			targetProxy = 48C1A0DA2AFC182100BF0582 /* PBXContainerItemProxy */;
		};
		48C1A0E52AFC182100BF0582 /* PBXTargetDependency */ = {
			isa = PBXTargetDependency;
			target = 48C1A0C82AFC182000BF0582 /* ABEMolds */;
			targetProxy = 48C1A0E42AFC182100BF0582 /* PBXContainerItemProxy */;
		};
/* End PBXTargetDependency section */

/* Begin XCBuildConfiguration section */
		48C1A0EB2AFC182100BF0582 /* Debug */ = {
			isa = XCBuildConfiguration;
			buildSettings = {
				ALWAYS_SEARCH_USER_PATHS = NO;
				ASSETCATALOG_COMPILER_GENERATE_SWIFT_ASSET_SYMBOL_EXTENSIONS = YES;
				CLANG_ANALYZER_NONNULL = YES;
				CLANG_ANALYZER_NUMBER_OBJECT_CONVERSION = YES_AGGRESSIVE;
				CLANG_CXX_LANGUAGE_STANDARD = "gnu++20";
				CLANG_ENABLE_MODULES = YES;
				CLANG_ENABLE_OBJC_ARC = YES;
				CLANG_ENABLE_OBJC_WEAK = YES;
				CLANG_WARN_BLOCK_CAPTURE_AUTORELEASING = YES;
				CLANG_WARN_BOOL_CONVERSION = YES;
				CLANG_WARN_COMMA = YES;
				CLANG_WARN_CONSTANT_CONVERSION = YES;
				CLANG_WARN_DEPRECATED_OBJC_IMPLEMENTATIONS = YES;
				CLANG_WARN_DIRECT_OBJC_ISA_USAGE = YES_ERROR;
				CLANG_WARN_DOCUMENTATION_COMMENTS = YES;
				CLANG_WARN_EMPTY_BODY = YES;
				CLANG_WARN_ENUM_CONVERSION = YES;
				CLANG_WARN_INFINITE_RECURSION = YES;
				CLANG_WARN_INT_CONVERSION = YES;
				CLANG_WARN_NON_LITERAL_NULL_CONVERSION = YES;
				CLANG_WARN_OBJC_IMPLICIT_RETAIN_SELF = YES;
				CLANG_WARN_OBJC_LITERAL_CONVERSION = YES;
				CLANG_WARN_OBJC_ROOT_CLASS = YES_ERROR;
				CLANG_WARN_QUOTED_INCLUDE_IN_FRAMEWORK_HEADER = YES;
				CLANG_WARN_RANGE_LOOP_ANALYSIS = YES;
				CLANG_WARN_STRICT_PROTOTYPES = YES;
				CLANG_WARN_SUSPICIOUS_MOVE = YES;
				CLANG_WARN_UNGUARDED_AVAILABILITY = YES_AGGRESSIVE;
				CLANG_WARN_UNREACHABLE_CODE = YES;
				CLANG_WARN__DUPLICATE_METHOD_MATCH = YES;
				COPY_PHASE_STRIP = NO;
				DEBUG_INFORMATION_FORMAT = dwarf;
				ENABLE_STRICT_OBJC_MSGSEND = YES;
				ENABLE_TESTABILITY = YES;
				ENABLE_USER_SCRIPT_SANDBOXING = YES;
				GCC_C_LANGUAGE_STANDARD = gnu17;
				GCC_DYNAMIC_NO_PIC = NO;
				GCC_NO_COMMON_BLOCKS = YES;
				GCC_OPTIMIZATION_LEVEL = 0;
				GCC_PREPROCESSOR_DEFINITIONS = (
					"DEBUG=1",
					"$(inherited)",
				);
				GCC_WARN_64_TO_32_BIT_CONVERSION = YES;
				GCC_WARN_ABOUT_RETURN_TYPE = YES_ERROR;
				GCC_WARN_UNDECLARED_SELECTOR = YES;
				GCC_WARN_UNINITIALIZED_AUTOS = YES_AGGRESSIVE;
				GCC_WARN_UNUSED_FUNCTION = YES;
				GCC_WARN_UNUSED_VARIABLE = YES;
				IPHONEOS_DEPLOYMENT_TARGET = 17.0;
				LOCALIZATION_PREFERS_STRING_CATALOGS = YES;
				MTL_ENABLE_DEBUG_INFO = INCLUDE_SOURCE;
				MTL_FAST_MATH = YES;
				ONLY_ACTIVE_ARCH = YES;
				SDKROOT = iphoneos;
				SWIFT_ACTIVE_COMPILATION_CONDITIONS = "DEBUG $(inherited)";
				SWIFT_OPTIMIZATION_LEVEL = "-Onone";
			};
			name = Debug;
		};
		48C1A0EC2AFC182100BF0582 /* Release */ = {
			isa = XCBuildConfiguration;
			buildSettings = {
				ALWAYS_SEARCH_USER_PATHS = NO;
				ASSETCATALOG_COMPILER_GENERATE_SWIFT_ASSET_SYMBOL_EXTENSIONS = YES;
				CLANG_ANALYZER_NONNULL = YES;
				CLANG_ANALYZER_NUMBER_OBJECT_CONVERSION = YES_AGGRESSIVE;
				CLANG_CXX_LANGUAGE_STANDARD = "gnu++20";
				CLANG_ENABLE_MODULES = YES;
				CLANG_ENABLE_OBJC_ARC = YES;
				CLANG_ENABLE_OBJC_WEAK = YES;
				CLANG_WARN_BLOCK_CAPTURE_AUTORELEASING = YES;
				CLANG_WARN_BOOL_CONVERSION = YES;
				CLANG_WARN_COMMA = YES;
				CLANG_WARN_CONSTANT_CONVERSION = YES;
				CLANG_WARN_DEPRECATED_OBJC_IMPLEMENTATIONS = YES;
				CLANG_WARN_DIRECT_OBJC_ISA_USAGE = YES_ERROR;
				CLANG_WARN_DOCUMENTATION_COMMENTS = YES;
				CLANG_WARN_EMPTY_BODY = YES;
				CLANG_WARN_ENUM_CONVERSION = YES;
				CLANG_WARN_INFINITE_RECURSION = YES;
				CLANG_WARN_INT_CONVERSION = YES;
				CLANG_WARN_NON_LITERAL_NULL_CONVERSION = YES;
				CLANG_WARN_OBJC_IMPLICIT_RETAIN_SELF = YES;
				CLANG_WARN_OBJC_LITERAL_CONVERSION = YES;
				CLANG_WARN_OBJC_ROOT_CLASS = YES_ERROR;
				CLANG_WARN_QUOTED_INCLUDE_IN_FRAMEWORK_HEADER = YES;
				CLANG_WARN_RANGE_LOOP_ANALYSIS = YES;
				CLANG_WARN_STRICT_PROTOTYPES = YES;
				CLANG_WARN_SUSPICIOUS_MOVE = YES;
				CLANG_WARN_UNGUARDED_AVAILABILITY = YES_AGGRESSIVE;
				CLANG_WARN_UNREACHABLE_CODE = YES;
				CLANG_WARN__DUPLICATE_METHOD_MATCH = YES;
				COPY_PHASE_STRIP = NO;
				DEBUG_INFORMATION_FORMAT = "dwarf-with-dsym";
				ENABLE_NS_ASSERTIONS = NO;
				ENABLE_STRICT_OBJC_MSGSEND = YES;
				ENABLE_USER_SCRIPT_SANDBOXING = YES;
				GCC_C_LANGUAGE_STANDARD = gnu17;
				GCC_NO_COMMON_BLOCKS = YES;
				GCC_WARN_64_TO_32_BIT_CONVERSION = YES;
				GCC_WARN_ABOUT_RETURN_TYPE = YES_ERROR;
				GCC_WARN_UNDECLARED_SELECTOR = YES;
				GCC_WARN_UNINITIALIZED_AUTOS = YES_AGGRESSIVE;
				GCC_WARN_UNUSED_FUNCTION = YES;
				GCC_WARN_UNUSED_VARIABLE = YES;
				IPHONEOS_DEPLOYMENT_TARGET = 17.0;
				LOCALIZATION_PREFERS_STRING_CATALOGS = YES;
				MTL_ENABLE_DEBUG_INFO = NO;
				MTL_FAST_MATH = YES;
				SDKROOT = iphoneos;
				SWIFT_COMPILATION_MODE = wholemodule;
				VALIDATE_PRODUCT = YES;
			};
			name = Release;
		};
		48C1A0EE2AFC182100BF0582 /* Debug */ = {
			isa = XCBuildConfiguration;
			buildSettings = {
				ASSETCATALOG_COMPILER_APPICON_NAME = AppIcon;
				ASSETCATALOG_COMPILER_GLOBAL_ACCENT_COLOR_NAME = AccentColor;
				CODE_SIGN_STYLE = Automatic;
				CURRENT_PROJECT_VERSION = 1;
				DEVELOPMENT_ASSET_PATHS = "\"ABEMolds/Preview Content\"";
				DEVELOPMENT_TEAM = VVDM44X8GF;
				ENABLE_PREVIEWS = YES;
				GENERATE_INFOPLIST_FILE = YES;
				INFOPLIST_KEY_UIApplicationSceneManifest_Generation = YES;
				INFOPLIST_KEY_UIApplicationSupportsIndirectInputEvents = YES;
				INFOPLIST_KEY_UILaunchScreen_Generation = YES;
				INFOPLIST_KEY_UISupportedInterfaceOrientations = UIInterfaceOrientationPortrait;
				IPHONEOS_DEPLOYMENT_TARGET = 15.0;
				LD_RUNPATH_SEARCH_PATHS = (
					"$(inherited)",
					"@executable_path/Frameworks",
				);
				MARKETING_VERSION = 1.0;
				PRODUCT_BUNDLE_IDENTIFIER = com.abe.abemolds.ABEMolds;
				PRODUCT_NAME = "$(TARGET_NAME)";
				SWIFT_EMIT_LOC_STRINGS = YES;
				SWIFT_VERSION = 5.0;
				TARGETED_DEVICE_FAMILY = "1,2";
			};
			name = Debug;
		};
		48C1A0EF2AFC182100BF0582 /* Release */ = {
			isa = XCBuildConfiguration;
			buildSettings = {
				ASSETCATALOG_COMPILER_APPICON_NAME = AppIcon;
				ASSETCATALOG_COMPILER_GLOBAL_ACCENT_COLOR_NAME = AccentColor;
				CODE_SIGN_STYLE = Automatic;
				CURRENT_PROJECT_VERSION = 1;
				DEVELOPMENT_ASSET_PATHS = "\"ABEMolds/Preview Content\"";
				DEVELOPMENT_TEAM = VVDM44X8GF;
				ENABLE_PREVIEWS = YES;
				GENERATE_INFOPLIST_FILE = YES;
				INFOPLIST_KEY_UIApplicationSceneManifest_Generation = YES;
				INFOPLIST_KEY_UIApplicationSupportsIndirectInputEvents = YES;
				INFOPLIST_KEY_UILaunchScreen_Generation = YES;
				INFOPLIST_KEY_UISupportedInterfaceOrientations = UIInterfaceOrientationPortrait;
				IPHONEOS_DEPLOYMENT_TARGET = 15.0;
				LD_RUNPATH_SEARCH_PATHS = (
					"$(inherited)",
					"@executable_path/Frameworks",
				);
				MARKETING_VERSION = 1.0;
				PRODUCT_BUNDLE_IDENTIFIER = com.abe.abemolds.ABEMolds;
				PRODUCT_NAME = "$(TARGET_NAME)";
				SWIFT_EMIT_LOC_STRINGS = YES;
				SWIFT_VERSION = 5.0;
				TARGETED_DEVICE_FAMILY = "1,2";
			};
			name = Release;
		};
		48C1A0F12AFC182100BF0582 /* Debug */ = {
			isa = XCBuildConfiguration;
			buildSettings = {
				ALWAYS_EMBED_SWIFT_STANDARD_LIBRARIES = YES;
				BUNDLE_LOADER = "$(TEST_HOST)";
				CODE_SIGN_STYLE = Automatic;
				CURRENT_PROJECT_VERSION = 1;
				DEVELOPMENT_TEAM = VVDM44X8GF;
				GENERATE_INFOPLIST_FILE = YES;
				IPHONEOS_DEPLOYMENT_TARGET = 17.0;
				MARKETING_VERSION = 1.0;
				PRODUCT_BUNDLE_IDENTIFIER = com.abe.abemolds.ABEMoldsTests;
				PRODUCT_NAME = "$(TARGET_NAME)";
				SWIFT_EMIT_LOC_STRINGS = NO;
				SWIFT_VERSION = 5.0;
				TARGETED_DEVICE_FAMILY = "1,2";
				TEST_HOST = "$(BUILT_PRODUCTS_DIR)/ABEMolds.app/$(BUNDLE_EXECUTABLE_FOLDER_PATH)/ABEMolds";
			};
			name = Debug;
		};
		48C1A0F22AFC182100BF0582 /* Release */ = {
			isa = XCBuildConfiguration;
			buildSettings = {
				ALWAYS_EMBED_SWIFT_STANDARD_LIBRARIES = YES;
				BUNDLE_LOADER = "$(TEST_HOST)";
				CODE_SIGN_STYLE = Automatic;
				CURRENT_PROJECT_VERSION = 1;
				DEVELOPMENT_TEAM = VVDM44X8GF;
				GENERATE_INFOPLIST_FILE = YES;
				IPHONEOS_DEPLOYMENT_TARGET = 17.0;
				MARKETING_VERSION = 1.0;
				PRODUCT_BUNDLE_IDENTIFIER = com.abe.abemolds.ABEMoldsTests;
				PRODUCT_NAME = "$(TARGET_NAME)";
				SWIFT_EMIT_LOC_STRINGS = NO;
				SWIFT_VERSION = 5.0;
				TARGETED_DEVICE_FAMILY = "1,2";
				TEST_HOST = "$(BUILT_PRODUCTS_DIR)/ABEMolds.app/$(BUNDLE_EXECUTABLE_FOLDER_PATH)/ABEMolds";
			};
			name = Release;
		};
		48C1A0F42AFC182100BF0582 /* Debug */ = {
			isa = XCBuildConfiguration;
			buildSettings = {
				ALWAYS_EMBED_SWIFT_STANDARD_LIBRARIES = YES;
				CODE_SIGN_STYLE = Automatic;
				CURRENT_PROJECT_VERSION = 1;
				DEVELOPMENT_TEAM = VVDM44X8GF;
				GENERATE_INFOPLIST_FILE = YES;
				MARKETING_VERSION = 1.0;
				PRODUCT_BUNDLE_IDENTIFIER = com.abe.abemolds.ABEMoldsUITests;
				PRODUCT_NAME = "$(TARGET_NAME)";
				SWIFT_EMIT_LOC_STRINGS = NO;
				SWIFT_VERSION = 5.0;
				TARGETED_DEVICE_FAMILY = "1,2";
				TEST_TARGET_NAME = ABEMolds;
			};
			name = Debug;
		};
		48C1A0F52AFC182100BF0582 /* Release */ = {
			isa = XCBuildConfiguration;
			buildSettings = {
				ALWAYS_EMBED_SWIFT_STANDARD_LIBRARIES = YES;
				CODE_SIGN_STYLE = Automatic;
				CURRENT_PROJECT_VERSION = 1;
				DEVELOPMENT_TEAM = VVDM44X8GF;
				GENERATE_INFOPLIST_FILE = YES;
				MARKETING_VERSION = 1.0;
				PRODUCT_BUNDLE_IDENTIFIER = com.abe.abemolds.ABEMoldsUITests;
				PRODUCT_NAME = "$(TARGET_NAME)";
				SWIFT_EMIT_LOC_STRINGS = NO;
				SWIFT_VERSION = 5.0;
				TARGETED_DEVICE_FAMILY = "1,2";
				TEST_TARGET_NAME = ABEMolds;
			};
			name = Release;
		};
/* End XCBuildConfiguration section */

/* Begin XCConfigurationList section */
		48C1A0C42AFC182000BF0582 /* Build configuration list for PBXProject "ABEMolds" */ = {
			isa = XCConfigurationList;
			buildConfigurations = (
				48C1A0EB2AFC182100BF0582 /* Debug */,
				48C1A0EC2AFC182100BF0582 /* Release */,
			);
			defaultConfigurationIsVisible = 0;
			defaultConfigurationName = Release;
		};
		48C1A0ED2AFC182100BF0582 /* Build configuration list for PBXNativeTarget "ABEMolds" */ = {
			isa = XCConfigurationList;
			buildConfigurations = (
				48C1A0EE2AFC182100BF0582 /* Debug */,
				48C1A0EF2AFC182100BF0582 /* Release */,
			);
			defaultConfigurationIsVisible = 0;
			defaultConfigurationName = Release;
		};
		48C1A0F02AFC182100BF0582 /* Build configuration list for PBXNativeTarget "ABEMoldsTests" */ = {
			isa = XCConfigurationList;
			buildConfigurations = (
				48C1A0F12AFC182100BF0582 /* Debug */,
				48C1A0F22AFC182100BF0582 /* Release */,
			);
			defaultConfigurationIsVisible = 0;
			defaultConfigurationName = Release;
		};
		48C1A0F32AFC182100BF0582 /* Build configuration list for PBXNativeTarget "ABEMoldsUITests" */ = {
			isa = XCConfigurationList;
			buildConfigurations = (
				48C1A0F42AFC182100BF0582 /* Debug */,
				48C1A0F52AFC182100BF0582 /* Release */,
			);
			defaultConfigurationIsVisible = 0;
			defaultConfigurationName = Release;
		};
/* End XCConfigurationList section */
	};
	rootObject = 48C1A0C12AFC182000BF0582 /* Project object */;
}
