// !$*UTF8*$!
{
	archiveVersion = 1;
	classes = {
	};
	objectVersion = 56;
	objects = {

/* Begin PBXBuildFile section */
		482F379C2B438DCE00402F39 /* PieChart.swift in Sources */ = {isa = PBXBuildFile; fileRef = 482F379B2B438DCE00402F39 /* PieChart.swift */; };
		482F379E2B43945700402F39 /* ChartData.swift in Sources */ = {isa = PBXBuildFile; fileRef = 482F379D2B43945700402F39 /* ChartData.swift */; };
		485C645C2B3E54BB00C94F86 /* GoogleService-Info.plist in Resources */ = {isa = PBXBuildFile; fileRef = 485C645B2B3E54BB00C94F86 /* GoogleService-Info.plist */; };
		485C64602B3E575500C94F86 /* FirebaseAnalytics in Frameworks */ = {isa = PBXBuildFile; productRef = 485C645F2B3E575500C94F86 /* FirebaseAnalytics */; };
		485C64622B3E575500C94F86 /* FirebaseAuth in Frameworks */ = {isa = PBXBuildFile; productRef = 485C64612B3E575500C94F86 /* FirebaseAuth */; };
		485C64642B3E575500C94F86 /* FirebaseDatabase in Frameworks */ = {isa = PBXBuildFile; productRef = 485C64632B3E575500C94F86 /* FirebaseDatabase */; };
		485C64662B3E575500C94F86 /* FirebaseFirestore in Frameworks */ = {isa = PBXBuildFile; productRef = 485C64652B3E575500C94F86 /* FirebaseFirestore */; };
		485C64682B3E575500C94F86 /* FirebaseStorage in Frameworks */ = {isa = PBXBuildFile; productRef = 485C64672B3E575500C94F86 /* FirebaseStorage */; };
		4860ADEF2B3EDF97007AD057 /* Mold.swift in Sources */ = {isa = PBXBuildFile; fileRef = 4860ADEE2B3EDF97007AD057 /* Mold.swift */; };
		4860ADF12B3EDFC6007AD057 /* CurrentParameters.swift in Sources */ = {isa = PBXBuildFile; fileRef = 4860ADF02B3EDFC6007AD057 /* CurrentParameters.swift */; };
		4860ADF32B3EDFD6007AD057 /* Day.swift in Sources */ = {isa = PBXBuildFile; fileRef = 4860ADF22B3EDFD6007AD057 /* Day.swift */; };
		4860ADF52B3EE00D007AD057 /* ManufactoringParameters.swift in Sources */ = {isa = PBXBuildFile; fileRef = 4860ADF42B3EE00D007AD057 /* ManufactoringParameters.swift */; };
		4860ADF72B3EE033007AD057 /* Week.swift in Sources */ = {isa = PBXBuildFile; fileRef = 4860ADF62B3EE033007AD057 /* Week.swift */; };
		4860ADF92B3EE068007AD057 /* CavityTemp.swift in Sources */ = {isa = PBXBuildFile; fileRef = 4860ADF82B3EE068007AD057 /* CavityTemp.swift */; };
		4860ADFB2B3EE07A007AD057 /* CoolingTemp.swift in Sources */ = {isa = PBXBuildFile; fileRef = 4860ADFA2B3EE07A007AD057 /* CoolingTemp.swift */; };
		4860ADFD2B3EE090007AD057 /* CoolingTime.swift in Sources */ = {isa = PBXBuildFile; fileRef = 4860ADFC2B3EE090007AD057 /* CoolingTime.swift */; };
		4860ADFF2B3EE0B0007AD057 /* FillPressure.swift in Sources */ = {isa = PBXBuildFile; fileRef = 4860ADFE2B3EE0B0007AD057 /* FillPressure.swift */; };
		4860AE012B3EE0D2007AD057 /* HoldPressure.swift in Sources */ = {isa = PBXBuildFile; fileRef = 4860AE002B3EE0D2007AD057 /* HoldPressure.swift */; };
		4860AE032B3EE0E3007AD057 /* InjectionFlow.swift in Sources */ = {isa = PBXBuildFile; fileRef = 4860AE022B3EE0E3007AD057 /* InjectionFlow.swift */; };
		4860AE052B3EE0F3007AD057 /* PackPressure.swift in Sources */ = {isa = PBXBuildFile; fileRef = 4860AE042B3EE0F3007AD057 /* PackPressure.swift */; };
		4860AE072B3EE107007AD057 /* PackTime.swift in Sources */ = {isa = PBXBuildFile; fileRef = 4860AE062B3EE107007AD057 /* PackTime.swift */; };
		4860AE092B3EE11C007AD057 /* PlasticTemp.swift in Sources */ = {isa = PBXBuildFile; fileRef = 4860AE082B3EE11C007AD057 /* PlasticTemp.swift */; };
		4860AE0B2B3EE935007AD057 /* MoldsViewModel.swift in Sources */ = {isa = PBXBuildFile; fileRef = 4860AE0A2B3EE935007AD057 /* MoldsViewModel.swift */; };
		4860AE0D2B3EE945007AD057 /* MoldsManager.swift in Sources */ = {isa = PBXBuildFile; fileRef = 4860AE0C2B3EE945007AD057 /* MoldsManager.swift */; };
		489940A32B3A00BE001CFC25 /* CardSectionList.swift in Sources */ = {isa = PBXBuildFile; fileRef = 489940A22B3A00BE001CFC25 /* CardSectionList.swift */; };
		489940A52B3A045D001CFC25 /* MoldDetailView.swift in Sources */ = {isa = PBXBuildFile; fileRef = 489940A42B3A045D001CFC25 /* MoldDetailView.swift */; };
		48BEA5532B043F3F002B7C67 /* DonutChart.swift in Sources */ = {isa = PBXBuildFile; fileRef = 48BEA5522B043F3F002B7C67 /* DonutChart.swift */; };
		48BEA5552B043FAC002B7C67 /* BarChart.swift in Sources */ = {isa = PBXBuildFile; fileRef = 48BEA5542B043FAC002B7C67 /* BarChart.swift */; };
		48BEA5582B044046002B7C67 /* SwiftUICharts in Frameworks */ = {isa = PBXBuildFile; productRef = 48BEA5572B044046002B7C67 /* SwiftUICharts */; };
		48BEA55A2B04415E002B7C67 /* ReportsView.swift in Sources */ = {isa = PBXBuildFile; fileRef = 48BEA5592B04415E002B7C67 /* ReportsView.swift */; };
		48BEA55C2B044182002B7C67 /* DashboardView.swift in Sources */ = {isa = PBXBuildFile; fileRef = 48BEA55B2B044182002B7C67 /* DashboardView.swift */; };
		48BEA55E2B04419C002B7C67 /* MoldsView.swift in Sources */ = {isa = PBXBuildFile; fileRef = 48BEA55D2B04419C002B7C67 /* MoldsView.swift */; };
		48C1A0CD2AFC182000BF0582 /* ABEMoldsApp.swift in Sources */ = {isa = PBXBuildFile; fileRef = 48C1A0CC2AFC182000BF0582 /* ABEMoldsApp.swift */; };
		48C1A0CF2AFC182000BF0582 /* ContentView.swift in Sources */ = {isa = PBXBuildFile; fileRef = 48C1A0CE2AFC182000BF0582 /* ContentView.swift */; };
		48C1A0D12AFC182100BF0582 /* Assets.xcassets in Resources */ = {isa = PBXBuildFile; fileRef = 48C1A0D02AFC182100BF0582 /* Assets.xcassets */; };
		48C1A0D42AFC182100BF0582 /* Preview Assets.xcassets in Resources */ = {isa = PBXBuildFile; fileRef = 48C1A0D32AFC182100BF0582 /* Preview Assets.xcassets */; };
		48C1A0DE2AFC182100BF0582 /* ABEMoldsTests.swift in Sources */ = {isa = PBXBuildFile; fileRef = 48C1A0DD2AFC182100BF0582 /* ABEMoldsTests.swift */; };
		48C1A0E82AFC182100BF0582 /* ABEMoldsUITests.swift in Sources */ = {isa = PBXBuildFile; fileRef = 48C1A0E72AFC182100BF0582 /* ABEMoldsUITests.swift */; };
		48C1A0EA2AFC182100BF0582 /* ABEMoldsUITestsLaunchTests.swift in Sources */ = {isa = PBXBuildFile; fileRef = 48C1A0E92AFC182100BF0582 /* ABEMoldsUITestsLaunchTests.swift */; };
		48C29CEA2B4100C5003F1D2E /* NavigationPath.swift in Sources */ = {isa = PBXBuildFile; fileRef = 48C29CE92B4100C5003F1D2E /* NavigationPath.swift */; };
		48C29CEC2B41014F003F1D2E /* FillTime.swift in Sources */ = {isa = PBXBuildFile; fileRef = 48C29CEB2B41014F003F1D2E /* FillTime.swift */; };
		48CC42412AFC1DA000C8A4AE /* CustomTabBar.swift in Sources */ = {isa = PBXBuildFile; fileRef = 48CC42402AFC1DA000C8A4AE /* CustomTabBar.swift */; };
		48ED8CA92B48841D00A3981F /* ejection_rotated.usdz in Resources */ = {isa = PBXBuildFile; fileRef = 48ED8CA72B48841D00A3981F /* ejection_rotated.usdz */; };
		48ED8CAA2B48841D00A3981F /* injection_rotated.usdz in Resources */ = {isa = PBXBuildFile; fileRef = 48ED8CA82B48841D00A3981F /* injection_rotated.usdz */; };
		48F974562B3A62DE00869F96 /* DetailedReportsView.swift in Sources */ = {isa = PBXBuildFile; fileRef = 48F974552B3A62DE00869F96 /* DetailedReportsView.swift */; };
		48F974582B3A638400869F96 /* MoldARView.swift in Sources */ = {isa = PBXBuildFile; fileRef = 48F974572B3A638400869F96 /* MoldARView.swift */; };
		48F9745A2B3A679900869F96 /* PartsControlView.swift in Sources */ = {isa = PBXBuildFile; fileRef = 48F974592B3A679900869F96 /* PartsControlView.swift */; };
/* End PBXBuildFile section */

/* Begin PBXContainerItemProxy section */
		48C1A0DA2AFC182100BF0582 /* PBXContainerItemProxy */ = {
			isa = PBXContainerItemProxy;
			containerPortal = 48C1A0C12AFC182000BF0582 /* Project object */;
			proxyType = 1;
			remoteGlobalIDString = 48C1A0C82AFC182000BF0582;
			remoteInfo = ABEMolds;
		};
		48C1A0E42AFC182100BF0582 /* PBXContainerItemProxy */ = {
			isa = PBXContainerItemProxy;
			containerPortal = 48C1A0C12AFC182000BF0582 /* Project object */;
			proxyType = 1;
			remoteGlobalIDString = 48C1A0C82AFC182000BF0582;
			remoteInfo = ABEMolds;
		};
/* End PBXContainerItemProxy section */

/* Begin PBXFileReference section */
		482F379B2B438DCE00402F39 /* PieChart.swift */ = {isa = PBXFileReference; lastKnownFileType = sourcecode.swift; path = PieChart.swift; sourceTree = "<group>"; };
		482F379D2B43945700402F39 /* ChartData.swift */ = {isa = PBXFileReference; lastKnownFileType = sourcecode.swift; path = ChartData.swift; sourceTree = "<group>"; };
		485C645B2B3E54BB00C94F86 /* GoogleService-Info.plist */ = {isa = PBXFileReference; fileEncoding = 4; lastKnownFileType = text.plist.xml; path = "GoogleService-Info.plist"; sourceTree = "<group>"; };
		4860ADEE2B3EDF97007AD057 /* Mold.swift */ = {isa = PBXFileReference; lastKnownFileType = sourcecode.swift; path = Mold.swift; sourceTree = "<group>"; };
		4860ADF02B3EDFC6007AD057 /* CurrentParameters.swift */ = {isa = PBXFileReference; lastKnownFileType = sourcecode.swift; path = CurrentParameters.swift; sourceTree = "<group>"; };
		4860ADF22B3EDFD6007AD057 /* Day.swift */ = {isa = PBXFileReference; lastKnownFileType = sourcecode.swift; path = Day.swift; sourceTree = "<group>"; };
		4860ADF42B3EE00D007AD057 /* ManufactoringParameters.swift */ = {isa = PBXFileReference; lastKnownFileType = sourcecode.swift; path = ManufactoringParameters.swift; sourceTree = "<group>"; };
		4860ADF62B3EE033007AD057 /* Week.swift */ = {isa = PBXFileReference; lastKnownFileType = sourcecode.swift; path = Week.swift; sourceTree = "<group>"; };
		4860ADF82B3EE068007AD057 /* CavityTemp.swift */ = {isa = PBXFileReference; lastKnownFileType = sourcecode.swift; path = CavityTemp.swift; sourceTree = "<group>"; };
		4860ADFA2B3EE07A007AD057 /* CoolingTemp.swift */ = {isa = PBXFileReference; lastKnownFileType = sourcecode.swift; path = CoolingTemp.swift; sourceTree = "<group>"; };
		4860ADFC2B3EE090007AD057 /* CoolingTime.swift */ = {isa = PBXFileReference; lastKnownFileType = sourcecode.swift; path = CoolingTime.swift; sourceTree = "<group>"; };
		4860ADFE2B3EE0B0007AD057 /* FillPressure.swift */ = {isa = PBXFileReference; lastKnownFileType = sourcecode.swift; path = FillPressure.swift; sourceTree = "<group>"; };
		4860AE002B3EE0D2007AD057 /* HoldPressure.swift */ = {isa = PBXFileReference; lastKnownFileType = sourcecode.swift; path = HoldPressure.swift; sourceTree = "<group>"; };
		4860AE022B3EE0E3007AD057 /* InjectionFlow.swift */ = {isa = PBXFileReference; lastKnownFileType = sourcecode.swift; path = InjectionFlow.swift; sourceTree = "<group>"; };
		4860AE042B3EE0F3007AD057 /* PackPressure.swift */ = {isa = PBXFileReference; lastKnownFileType = sourcecode.swift; path = PackPressure.swift; sourceTree = "<group>"; };
		4860AE062B3EE107007AD057 /* PackTime.swift */ = {isa = PBXFileReference; lastKnownFileType = sourcecode.swift; path = PackTime.swift; sourceTree = "<group>"; };
		4860AE082B3EE11C007AD057 /* PlasticTemp.swift */ = {isa = PBXFileReference; lastKnownFileType = sourcecode.swift; path = PlasticTemp.swift; sourceTree = "<group>"; };
		4860AE0A2B3EE935007AD057 /* MoldsViewModel.swift */ = {isa = PBXFileReference; lastKnownFileType = sourcecode.swift; path = MoldsViewModel.swift; sourceTree = "<group>"; };
		4860AE0C2B3EE945007AD057 /* MoldsManager.swift */ = {isa = PBXFileReference; lastKnownFileType = sourcecode.swift; path = MoldsManager.swift; sourceTree = "<group>"; };
		489940A22B3A00BE001CFC25 /* CardSectionList.swift */ = {isa = PBXFileReference; lastKnownFileType = sourcecode.swift; path = CardSectionList.swift; sourceTree = "<group>"; };
		489940A42B3A045D001CFC25 /* MoldDetailView.swift */ = {isa = PBXFileReference; lastKnownFileType = sourcecode.swift; path = MoldDetailView.swift; sourceTree = "<group>"; };
		48BEA5522B043F3F002B7C67 /* DonutChart.swift */ = {isa = PBXFileReference; lastKnownFileType = sourcecode.swift; path = DonutChart.swift; sourceTree = "<group>"; };
		48BEA5542B043FAC002B7C67 /* BarChart.swift */ = {isa = PBXFileReference; lastKnownFileType = sourcecode.swift; path = BarChart.swift; sourceTree = "<group>"; };
		48BEA5592B04415E002B7C67 /* ReportsView.swift */ = {isa = PBXFileReference; lastKnownFileType = sourcecode.swift; path = ReportsView.swift; sourceTree = "<group>"; };
		48BEA55B2B044182002B7C67 /* DashboardView.swift */ = {isa = PBXFileReference; lastKnownFileType = sourcecode.swift; path = DashboardView.swift; sourceTree = "<group>"; };
		48BEA55D2B04419C002B7C67 /* MoldsView.swift */ = {isa = PBXFileReference; lastKnownFileType = sourcecode.swift; path = MoldsView.swift; sourceTree = "<group>"; };
		48C1A0C92AFC182000BF0582 /* ABEMolds.app */ = {isa = PBXFileReference; explicitFileType = wrapper.application; includeInIndex = 0; path = ABEMolds.app; sourceTree = BUILT_PRODUCTS_DIR; };
		48C1A0CC2AFC182000BF0582 /* ABEMoldsApp.swift */ = {isa = PBXFileReference; lastKnownFileType = sourcecode.swift; path = ABEMoldsApp.swift; sourceTree = "<group>"; };
		48C1A0CE2AFC182000BF0582 /* ContentView.swift */ = {isa = PBXFileReference; lastKnownFileType = sourcecode.swift; path = ContentView.swift; sourceTree = "<group>"; };
		48C1A0D02AFC182100BF0582 /* Assets.xcassets */ = {isa = PBXFileReference; lastKnownFileType = folder.assetcatalog; path = Assets.xcassets; sourceTree = "<group>"; };
		48C1A0D32AFC182100BF0582 /* Preview Assets.xcassets */ = {isa = PBXFileReference; lastKnownFileType = folder.assetcatalog; path = "Preview Assets.xcassets"; sourceTree = "<group>"; };
		48C1A0D92AFC182100BF0582 /* ABEMoldsTests.xctest */ = {isa = PBXFileReference; explicitFileType = wrapper.cfbundle; includeInIndex = 0; path = ABEMoldsTests.xctest; sourceTree = BUILT_PRODUCTS_DIR; };
		48C1A0DD2AFC182100BF0582 /* ABEMoldsTests.swift */ = {isa = PBXFileReference; lastKnownFileType = sourcecode.swift; path = ABEMoldsTests.swift; sourceTree = "<group>"; };
		48C1A0E32AFC182100BF0582 /* ABEMoldsUITests.xctest */ = {isa = PBXFileReference; explicitFileType = wrapper.cfbundle; includeInIndex = 0; path = ABEMoldsUITests.xctest; sourceTree = BUILT_PRODUCTS_DIR; };
		48C1A0E72AFC182100BF0582 /* ABEMoldsUITests.swift */ = {isa = PBXFileReference; lastKnownFileType = sourcecode.swift; path = ABEMoldsUITests.swift; sourceTree = "<group>"; };
		48C1A0E92AFC182100BF0582 /* ABEMoldsUITestsLaunchTests.swift */ = {isa = PBXFileReference; lastKnownFileType = sourcecode.swift; path = ABEMoldsUITestsLaunchTests.swift; sourceTree = "<group>"; };
		48C29CE92B4100C5003F1D2E /* NavigationPath.swift */ = {isa = PBXFileReference; lastKnownFileType = sourcecode.swift; path = NavigationPath.swift; sourceTree = "<group>"; };
		48C29CEB2B41014F003F1D2E /* FillTime.swift */ = {isa = PBXFileReference; lastKnownFileType = sourcecode.swift; path = FillTime.swift; sourceTree = "<group>"; };
		48CC42402AFC1DA000C8A4AE /* CustomTabBar.swift */ = {isa = PBXFileReference; lastKnownFileType = sourcecode.swift; path = CustomTabBar.swift; sourceTree = "<group>"; };
		48ED8CA72B48841D00A3981F /* ejection_rotated.usdz */ = {isa = PBXFileReference; lastKnownFileType = file.usdz; path = ejection_rotated.usdz; sourceTree = "<group>"; };
		48ED8CA82B48841D00A3981F /* injection_rotated.usdz */ = {isa = PBXFileReference; lastKnownFileType = file.usdz; path = injection_rotated.usdz; sourceTree = "<group>"; };
		48F974552B3A62DE00869F96 /* DetailedReportsView.swift */ = {isa = PBXFileReference; lastKnownFileType = sourcecode.swift; path = DetailedReportsView.swift; sourceTree = "<group>"; };
		48F974572B3A638400869F96 /* MoldARView.swift */ = {isa = PBXFileReference; lastKnownFileType = sourcecode.swift; path = MoldARView.swift; sourceTree = "<group>"; };
		48F974592B3A679900869F96 /* PartsControlView.swift */ = {isa = PBXFileReference; lastKnownFileType = sourcecode.swift; path = PartsControlView.swift; sourceTree = "<group>"; };
/* End PBXFileReference section */

/* Begin PBXFrameworksBuildPhase section */
		48C1A0C62AFC182000BF0582 /* Frameworks */ = {
			isa = PBXFrameworksBuildPhase;
			buildActionMask = 2147483647;
			files = (
				485C64602B3E575500C94F86 /* FirebaseAnalytics in Frameworks */,
				485C64622B3E575500C94F86 /* FirebaseAuth in Frameworks */,
				485C64642B3E575500C94F86 /* FirebaseDatabase in Frameworks */,
				485C64662B3E575500C94F86 /* FirebaseFirestore in Frameworks */,
				48BEA5582B044046002B7C67 /* SwiftUICharts in Frameworks */,
				485C64682B3E575500C94F86 /* FirebaseStorage in Frameworks */,
			);
			runOnlyForDeploymentPostprocessing = 0;
		};
		48C1A0D62AFC182100BF0582 /* Frameworks */ = {
			isa = PBXFrameworksBuildPhase;
			buildActionMask = 2147483647;
			files = (
			);
			runOnlyForDeploymentPostprocessing = 0;
		};
		48C1A0E02AFC182100BF0582 /* Frameworks */ = {
			isa = PBXFrameworksBuildPhase;
			buildActionMask = 2147483647;
			files = (
			);
			runOnlyForDeploymentPostprocessing = 0;
		};
/* End PBXFrameworksBuildPhase section */

/* Begin PBXGroup section */
		485C645A2B3CC02A00C94F86 /* Managers */ = {
			isa = PBXGroup;
			children = (
				4860AE0C2B3EE945007AD057 /* MoldsManager.swift */,
			);
			path = Managers;
			sourceTree = "<group>";
		};
		485C645E2B3E575500C94F86 /* Frameworks */ = {
			isa = PBXGroup;
			children = (
			);
			name = Frameworks;
			sourceTree = "<group>";
		};
		48C1A0C02AFC182000BF0582 = {
			isa = PBXGroup;
			children = (
				48C1A0CB2AFC182000BF0582 /* ABEMolds */,
				48C1A0DC2AFC182100BF0582 /* ABEMoldsTests */,
				48C1A0E62AFC182100BF0582 /* ABEMoldsUITests */,
				48C1A0CA2AFC182000BF0582 /* Products */,
				485C645E2B3E575500C94F86 /* Frameworks */,
			);
			sourceTree = "<group>";
		};
		48C1A0CA2AFC182000BF0582 /* Products */ = {
			isa = PBXGroup;
			children = (
				48C1A0C92AFC182000BF0582 /* ABEMolds.app */,
				48C1A0D92AFC182100BF0582 /* ABEMoldsTests.xctest */,
				48C1A0E32AFC182100BF0582 /* ABEMoldsUITests.xctest */,
			);
			name = Products;
			sourceTree = "<group>";
		};
		48C1A0CB2AFC182000BF0582 /* ABEMolds */ = {
			isa = PBXGroup;
			children = (
				485C645A2B3CC02A00C94F86 /* Managers */,
				48E4C4142AFC2C24008A5A9C /* Helpers */,
				48E4C4132AFC2C07008A5A9C /* Models */,
				48E4C4122AFC2BF8008A5A9C /* ViewModels */,
				48E4C4102AFC2B9E008A5A9C /* Views */,
				48C1A0CC2AFC182000BF0582 /* ABEMoldsApp.swift */,
				48C1A0D02AFC182100BF0582 /* Assets.xcassets */,
				48ED8CA72B48841D00A3981F /* ejection_rotated.usdz */,
				48ED8CA82B48841D00A3981F /* injection_rotated.usdz */,
				485C645B2B3E54BB00C94F86 /* GoogleService-Info.plist */,
				48C1A0D22AFC182100BF0582 /* Preview Content */,
			);
			path = ABEMolds;
			sourceTree = "<group>";
		};
		48C1A0D22AFC182100BF0582 /* Preview Content */ = {
			isa = PBXGroup;
			children = (
				48C1A0D32AFC182100BF0582 /* Preview Assets.xcassets */,
			);
			path = "Preview Content";
			sourceTree = "<group>";
		};
		48C1A0DC2AFC182100BF0582 /* ABEMoldsTests */ = {
			isa = PBXGroup;
			children = (
				48C1A0DD2AFC182100BF0582 /* ABEMoldsTests.swift */,
			);
			path = ABEMoldsTests;
			sourceTree = "<group>";
		};
		48C1A0E62AFC182100BF0582 /* ABEMoldsUITests */ = {
			isa = PBXGroup;
			children = (
				48C1A0E72AFC182100BF0582 /* ABEMoldsUITests.swift */,
				48C1A0E92AFC182100BF0582 /* ABEMoldsUITestsLaunchTests.swift */,
			);
			path = ABEMoldsUITests;
			sourceTree = "<group>";
		};
		48E4C4102AFC2B9E008A5A9C /* Views */ = {
			isa = PBXGroup;
			children = (
				48C1A0CE2AFC182000BF0582 /* ContentView.swift */,
				48BEA5592B04415E002B7C67 /* ReportsView.swift */,
				48BEA55B2B044182002B7C67 /* DashboardView.swift */,
				48BEA55D2B04419C002B7C67 /* MoldsView.swift */,
				489940A42B3A045D001CFC25 /* MoldDetailView.swift */,
				48F974552B3A62DE00869F96 /* DetailedReportsView.swift */,
				48F974572B3A638400869F96 /* MoldARView.swift */,
				48F974592B3A679900869F96 /* PartsControlView.swift */,
				48E4C4112AFC2BAD008A5A9C /* Components */,
			);
			path = Views;
			sourceTree = "<group>";
		};
		48E4C4112AFC2BAD008A5A9C /* Components */ = {
			isa = PBXGroup;
			children = (
				48CC42402AFC1DA000C8A4AE /* CustomTabBar.swift */,
				48BEA5522B043F3F002B7C67 /* DonutChart.swift */,
				48BEA5542B043FAC002B7C67 /* BarChart.swift */,
				489940A22B3A00BE001CFC25 /* CardSectionList.swift */,
				482F379B2B438DCE00402F39 /* PieChart.swift */,
			);
			path = Components;
			sourceTree = "<group>";
		};
		48E4C4122AFC2BF8008A5A9C /* ViewModels */ = {
			isa = PBXGroup;
			children = (
				4860AE0A2B3EE935007AD057 /* MoldsViewModel.swift */,
			);
			path = ViewModels;
			sourceTree = "<group>";
		};
		48E4C4132AFC2C07008A5A9C /* Models */ = {
			isa = PBXGroup;
			children = (
				4860ADEE2B3EDF97007AD057 /* Mold.swift */,
				4860ADF02B3EDFC6007AD057 /* CurrentParameters.swift */,
				4860ADF22B3EDFD6007AD057 /* Day.swift */,
				4860ADF42B3EE00D007AD057 /* ManufactoringParameters.swift */,
				4860ADF62B3EE033007AD057 /* Week.swift */,
				4860ADF82B3EE068007AD057 /* CavityTemp.swift */,
				4860ADFA2B3EE07A007AD057 /* CoolingTemp.swift */,
				4860ADFC2B3EE090007AD057 /* CoolingTime.swift */,
				4860ADFE2B3EE0B0007AD057 /* FillPressure.swift */,
				48C29CEB2B41014F003F1D2E /* FillTime.swift */,
				4860AE002B3EE0D2007AD057 /* HoldPressure.swift */,
				4860AE022B3EE0E3007AD057 /* InjectionFlow.swift */,
				4860AE042B3EE0F3007AD057 /* PackPressure.swift */,
				4860AE062B3EE107007AD057 /* PackTime.swift */,
				4860AE082B3EE11C007AD057 /* PlasticTemp.swift */,
				482F379D2B43945700402F39 /* ChartData.swift */,
			);
			path = Models;
			sourceTree = "<group>";
		};
		48E4C4142AFC2C24008A5A9C /* Helpers */ = {
			isa = PBXGroup;
			children = (
				48C29CE92B4100C5003F1D2E /* NavigationPath.swift */,
			);
			path = Helpers;
			sourceTree = "<group>";
		};
/* End PBXGroup section */

/* Begin PBXNativeTarget section */
		48C1A0C82AFC182000BF0582 /* ABEMolds */ = {
			isa = PBXNativeTarget;
			buildConfigurationList = 48C1A0ED2AFC182100BF0582 /* Build configuration list for PBXNativeTarget "ABEMolds" */;
			buildPhases = (
				48C1A0C52AFC182000BF0582 /* Sources */,
				48C1A0C62AFC182000BF0582 /* Frameworks */,
				48C1A0C72AFC182000BF0582 /* Resources */,
			);
			buildRules = (
			);
			dependencies = (
			);
			name = ABEMolds;
			packageProductDependencies = (
				48BEA5572B044046002B7C67 /* SwiftUICharts */,
				485C645F2B3E575500C94F86 /* FirebaseAnalytics */,
				485C64612B3E575500C94F86 /* FirebaseAuth */,
				485C64632B3E575500C94F86 /* FirebaseDatabase */,
				485C64652B3E575500C94F86 /* FirebaseFirestore */,
				485C64672B3E575500C94F86 /* FirebaseStorage */,
			);
			productName = ABEMolds;
			productReference = 48C1A0C92AFC182000BF0582 /* ABEMolds.app */;
			productType = "com.apple.product-type.application";
		};
		48C1A0D82AFC182100BF0582 /* ABEMoldsTests */ = {
			isa = PBXNativeTarget;
			buildConfigurationList = 48C1A0F02AFC182100BF0582 /* Build configuration list for PBXNativeTarget "ABEMoldsTests" */;
			buildPhases = (
				48C1A0D52AFC182100BF0582 /* Sources */,
				48C1A0D62AFC182100BF0582 /* Frameworks */,
				48C1A0D72AFC182100BF0582 /* Resources */,
			);
			buildRules = (
			);
			dependencies = (
				48C1A0DB2AFC182100BF0582 /* PBXTargetDependency */,
			);
			name = ABEMoldsTests;
			productName = ABEMoldsTests;
			productReference = 48C1A0D92AFC182100BF0582 /* ABEMoldsTests.xctest */;
			productType = "com.apple.product-type.bundle.unit-test";
		};
		48C1A0E22AFC182100BF0582 /* ABEMoldsUITests */ = {
			isa = PBXNativeTarget;
			buildConfigurationList = 48C1A0F32AFC182100BF0582 /* Build configuration list for PBXNativeTarget "ABEMoldsUITests" */;
			buildPhases = (
				48C1A0DF2AFC182100BF0582 /* Sources */,
				48C1A0E02AFC182100BF0582 /* Frameworks */,
				48C1A0E12AFC182100BF0582 /* Resources */,
			);
			buildRules = (
			);
			dependencies = (
				48C1A0E52AFC182100BF0582 /* PBXTargetDependency */,
			);
			name = ABEMoldsUITests;
			productName = ABEMoldsUITests;
			productReference = 48C1A0E32AFC182100BF0582 /* ABEMoldsUITests.xctest */;
			productType = "com.apple.product-type.bundle.ui-testing";
		};
/* End PBXNativeTarget section */

/* Begin PBXProject section */
		48C1A0C12AFC182000BF0582 /* Project object */ = {
			isa = PBXProject;
			attributes = {
				BuildIndependentTargetsInParallel = 1;
				LastSwiftUpdateCheck = 1500;
				LastUpgradeCheck = 1500;
				TargetAttributes = {
					48C1A0C82AFC182000BF0582 = {
						CreatedOnToolsVersion = 15.0.1;
					};
					48C1A0D82AFC182100BF0582 = {
						CreatedOnToolsVersion = 15.0.1;
						TestTargetID = 48C1A0C82AFC182000BF0582;
					};
					48C1A0E22AFC182100BF0582 = {
						CreatedOnToolsVersion = 15.0.1;
						TestTargetID = 48C1A0C82AFC182000BF0582;
					};
				};
			};
			buildConfigurationList = 48C1A0C42AFC182000BF0582 /* Build configuration list for PBXProject "ABEMolds" */;
			compatibilityVersion = "Xcode 14.0";
			developmentRegion = en;
			hasScannedForEncodings = 0;
			knownRegions = (
				en,
				Base,
			);
			mainGroup = 48C1A0C02AFC182000BF0582;
			packageReferences = (
				48BEA5562B044046002B7C67 /* XCRemoteSwiftPackageReference "ChartView" */,
				485C645D2B3E566900C94F86 /* XCRemoteSwiftPackageReference "firebase-ios-sdk" */,
			);
			productRefGroup = 48C1A0CA2AFC182000BF0582 /* Products */;
			projectDirPath = "";
			projectRoot = "";
			targets = (
				48C1A0C82AFC182000BF0582 /* ABEMolds */,
				48C1A0D82AFC182100BF0582 /* ABEMoldsTests */,
				48C1A0E22AFC182100BF0582 /* ABEMoldsUITests */,
			);
		};
/* End PBXProject section */

/* Begin PBXResourcesBuildPhase section */
		48C1A0C72AFC182000BF0582 /* Resources */ = {
			isa = PBXResourcesBuildPhase;
			buildActionMask = 2147483647;
			files = (
				48ED8CAA2B48841D00A3981F /* injection_rotated.usdz in Resources */,
				48ED8CA92B48841D00A3981F /* ejection_rotated.usdz in Resources */,
				48C1A0D42AFC182100BF0582 /* Preview Assets.xcassets in Resources */,
				48C1A0D12AFC182100BF0582 /* Assets.xcassets in Resources */,
				485C645C2B3E54BB00C94F86 /* GoogleService-Info.plist in Resources */,
			);
			runOnlyForDeploymentPostprocessing = 0;
		};
		48C1A0D72AFC182100BF0582 /* Resources */ = {
			isa = PBXResourcesBuildPhase;
			buildActionMask = 2147483647;
			files = (
			);
			runOnlyForDeploymentPostprocessing = 0;
		};
		48C1A0E12AFC182100BF0582 /* Resources */ = {
			isa = PBXResourcesBuildPhase;
			buildActionMask = 2147483647;
			files = (
			);
			runOnlyForDeploymentPostprocessing = 0;
		};
/* End PBXResourcesBuildPhase section */

/* Begin PBXSourcesBuildPhase section */
		48C1A0C52AFC182000BF0582 /* Sources */ = {
			isa = PBXSourcesBuildPhase;
			buildActionMask = 2147483647;
			files = (
				4860ADFD2B3EE090007AD057 /* CoolingTime.swift in Sources */,
				4860AE072B3EE107007AD057 /* PackTime.swift in Sources */,
				48C1A0CF2AFC182000BF0582 /* ContentView.swift in Sources */,
				48CC42412AFC1DA000C8A4AE /* CustomTabBar.swift in Sources */,
				4860AE0D2B3EE945007AD057 /* MoldsManager.swift in Sources */,
				48BEA5532B043F3F002B7C67 /* DonutChart.swift in Sources */,
				48F9745A2B3A679900869F96 /* PartsControlView.swift in Sources */,
				48F974562B3A62DE00869F96 /* DetailedReportsView.swift in Sources */,
				489940A52B3A045D001CFC25 /* MoldDetailView.swift in Sources */,
				4860ADF32B3EDFD6007AD057 /* Day.swift in Sources */,
				48C29CEC2B41014F003F1D2E /* FillTime.swift in Sources */,
				48C29CEA2B4100C5003F1D2E /* NavigationPath.swift in Sources */,
				48BEA55C2B044182002B7C67 /* DashboardView.swift in Sources */,
				4860AE092B3EE11C007AD057 /* PlasticTemp.swift in Sources */,
				4860AE032B3EE0E3007AD057 /* InjectionFlow.swift in Sources */,
				4860ADFF2B3EE0B0007AD057 /* FillPressure.swift in Sources */,
				4860ADF92B3EE068007AD057 /* CavityTemp.swift in Sources */,
				4860ADFB2B3EE07A007AD057 /* CoolingTemp.swift in Sources */,
				48BEA55E2B04419C002B7C67 /* MoldsView.swift in Sources */,
				4860AE052B3EE0F3007AD057 /* PackPressure.swift in Sources */,
				48C1A0CD2AFC182000BF0582 /* ABEMoldsApp.swift in Sources */,
				4860ADF52B3EE00D007AD057 /* ManufactoringParameters.swift in Sources */,
				489940A32B3A00BE001CFC25 /* CardSectionList.swift in Sources */,
				4860ADF12B3EDFC6007AD057 /* CurrentParameters.swift in Sources */,
				4860AE012B3EE0D2007AD057 /* HoldPressure.swift in Sources */,
				482F379C2B438DCE00402F39 /* PieChart.swift in Sources */,
				4860AE0B2B3EE935007AD057 /* MoldsViewModel.swift in Sources */,
				48F974582B3A638400869F96 /* MoldARView.swift in Sources */,
				48BEA55A2B04415E002B7C67 /* ReportsView.swift in Sources */,
				4860ADF72B3EE033007AD057 /* Week.swift in Sources */,
				48BEA5552B043FAC002B7C67 /* BarChart.swift in Sources */,
				482F379E2B43945700402F39 /* ChartData.swift in Sources */,
				4860ADEF2B3EDF97007AD057 /* Mold.swift in Sources */,
			);
			runOnlyForDeploymentPostprocessing = 0;
		};
		48C1A0D52AFC182100BF0582 /* Sources */ = {
			isa = PBXSourcesBuildPhase;
			buildActionMask = 2147483647;
			files = (
				48C1A0DE2AFC182100BF0582 /* ABEMoldsTests.swift in Sources */,
			);
			runOnlyForDeploymentPostprocessing = 0;
		};
		48C1A0DF2AFC182100BF0582 /* Sources */ = {
			isa = PBXSourcesBuildPhase;
			buildActionMask = 2147483647;
			files = (
				48C1A0EA2AFC182100BF0582 /* ABEMoldsUITestsLaunchTests.swift in Sources */,
				48C1A0E82AFC182100BF0582 /* ABEMoldsUITests.swift in Sources */,
			);
			runOnlyForDeploymentPostprocessing = 0;
		};
/* End PBXSourcesBuildPhase section */

/* Begin PBXTargetDependency section */
		48C1A0DB2AFC182100BF0582 /* PBXTargetDependency */ = {
			isa = PBXTargetDependency;
			target = 48C1A0C82AFC182000BF0582 /* ABEMolds */;
			targetProxy = 48C1A0DA2AFC182100BF0582 /* PBXContainerItemProxy */;
		};
		48C1A0E52AFC182100BF0582 /* PBXTargetDependency */ = {
			isa = PBXTargetDependency;
			target = 48C1A0C82AFC182000BF0582 /* ABEMolds */;
			targetProxy = 48C1A0E42AFC182100BF0582 /* PBXContainerItemProxy */;
		};
/* End PBXTargetDependency section */

/* Begin XCBuildConfiguration section */
		48C1A0EB2AFC182100BF0582 /* Debug */ = {
			isa = XCBuildConfiguration;
			buildSettings = {
				ALWAYS_SEARCH_USER_PATHS = NO;
				ASSETCATALOG_COMPILER_GENERATE_SWIFT_ASSET_SYMBOL_EXTENSIONS = YES;
				CLANG_ANALYZER_NONNULL = YES;
				CLANG_ANALYZER_NUMBER_OBJECT_CONVERSION = YES_AGGRESSIVE;
				CLANG_CXX_LANGUAGE_STANDARD = "gnu++20";
				CLANG_ENABLE_MODULES = YES;
				CLANG_ENABLE_OBJC_ARC = YES;
				CLANG_ENABLE_OBJC_WEAK = YES;
				CLANG_WARN_BLOCK_CAPTURE_AUTORELEASING = YES;
				CLANG_WARN_BOOL_CONVERSION = YES;
				CLANG_WARN_COMMA = YES;
				CLANG_WARN_CONSTANT_CONVERSION = YES;
				CLANG_WARN_DEPRECATED_OBJC_IMPLEMENTATIONS = YES;
				CLANG_WARN_DIRECT_OBJC_ISA_USAGE = YES_ERROR;
				CLANG_WARN_DOCUMENTATION_COMMENTS = YES;
				CLANG_WARN_EMPTY_BODY = YES;
				CLANG_WARN_ENUM_CONVERSION = YES;
				CLANG_WARN_INFINITE_RECURSION = YES;
				CLANG_WARN_INT_CONVERSION = YES;
				CLANG_WARN_NON_LITERAL_NULL_CONVERSION = YES;
				CLANG_WARN_OBJC_IMPLICIT_RETAIN_SELF = YES;
				CLANG_WARN_OBJC_LITERAL_CONVERSION = YES;
				CLANG_WARN_OBJC_ROOT_CLASS = YES_ERROR;
				CLANG_WARN_QUOTED_INCLUDE_IN_FRAMEWORK_HEADER = YES;
				CLANG_WARN_RANGE_LOOP_ANALYSIS = YES;
				CLANG_WARN_STRICT_PROTOTYPES = YES;
				CLANG_WARN_SUSPICIOUS_MOVE = YES;
				CLANG_WARN_UNGUARDED_AVAILABILITY = YES_AGGRESSIVE;
				CLANG_WARN_UNREACHABLE_CODE = YES;
				CLANG_WARN__DUPLICATE_METHOD_MATCH = YES;
				COPY_PHASE_STRIP = NO;
				DEBUG_INFORMATION_FORMAT = dwarf;
				ENABLE_STRICT_OBJC_MSGSEND = YES;
				ENABLE_TESTABILITY = YES;
				ENABLE_USER_SCRIPT_SANDBOXING = YES;
				GCC_C_LANGUAGE_STANDARD = gnu17;
				GCC_DYNAMIC_NO_PIC = NO;
				GCC_NO_COMMON_BLOCKS = YES;
				GCC_OPTIMIZATION_LEVEL = 0;
				GCC_PREPROCESSOR_DEFINITIONS = (
					"DEBUG=1",
					"$(inherited)",
				);
				GCC_WARN_64_TO_32_BIT_CONVERSION = YES;
				GCC_WARN_ABOUT_RETURN_TYPE = YES_ERROR;
				GCC_WARN_UNDECLARED_SELECTOR = YES;
				GCC_WARN_UNINITIALIZED_AUTOS = YES_AGGRESSIVE;
				GCC_WARN_UNUSED_FUNCTION = YES;
				GCC_WARN_UNUSED_VARIABLE = YES;
				IPHONEOS_DEPLOYMENT_TARGET = 17.0;
				LOCALIZATION_PREFERS_STRING_CATALOGS = YES;
				MTL_ENABLE_DEBUG_INFO = INCLUDE_SOURCE;
				MTL_FAST_MATH = YES;
				ONLY_ACTIVE_ARCH = YES;
				SDKROOT = iphoneos;
				SWIFT_ACTIVE_COMPILATION_CONDITIONS = "DEBUG $(inherited)";
				SWIFT_OPTIMIZATION_LEVEL = "-Onone";
			};
			name = Debug;
		};
		48C1A0EC2AFC182100BF0582 /* Release */ = {
			isa = XCBuildConfiguration;
			buildSettings = {
				ALWAYS_SEARCH_USER_PATHS = NO;
				ASSETCATALOG_COMPILER_GENERATE_SWIFT_ASSET_SYMBOL_EXTENSIONS = YES;
				CLANG_ANALYZER_NONNULL = YES;
				CLANG_ANALYZER_NUMBER_OBJECT_CONVERSION = YES_AGGRESSIVE;
				CLANG_CXX_LANGUAGE_STANDARD = "gnu++20";
				CLANG_ENABLE_MODULES = YES;
				CLANG_ENABLE_OBJC_ARC = YES;
				CLANG_ENABLE_OBJC_WEAK = YES;
				CLANG_WARN_BLOCK_CAPTURE_AUTORELEASING = YES;
				CLANG_WARN_BOOL_CONVERSION = YES;
				CLANG_WARN_COMMA = YES;
				CLANG_WARN_CONSTANT_CONVERSION = YES;
				CLANG_WARN_DEPRECATED_OBJC_IMPLEMENTATIONS = YES;
				CLANG_WARN_DIRECT_OBJC_ISA_USAGE = YES_ERROR;
				CLANG_WARN_DOCUMENTATION_COMMENTS = YES;
				CLANG_WARN_EMPTY_BODY = YES;
				CLANG_WARN_ENUM_CONVERSION = YES;
				CLANG_WARN_INFINITE_RECURSION = YES;
				CLANG_WARN_INT_CONVERSION = YES;
				CLANG_WARN_NON_LITERAL_NULL_CONVERSION = YES;
				CLANG_WARN_OBJC_IMPLICIT_RETAIN_SELF = YES;
				CLANG_WARN_OBJC_LITERAL_CONVERSION = YES;
				CLANG_WARN_OBJC_ROOT_CLASS = YES_ERROR;
				CLANG_WARN_QUOTED_INCLUDE_IN_FRAMEWORK_HEADER = YES;
				CLANG_WARN_RANGE_LOOP_ANALYSIS = YES;
				CLANG_WARN_STRICT_PROTOTYPES = YES;
				CLANG_WARN_SUSPICIOUS_MOVE = YES;
				CLANG_WARN_UNGUARDED_AVAILABILITY = YES_AGGRESSIVE;
				CLANG_WARN_UNREACHABLE_CODE = YES;
				CLANG_WARN__DUPLICATE_METHOD_MATCH = YES;
				COPY_PHASE_STRIP = NO;
				DEBUG_INFORMATION_FORMAT = "dwarf-with-dsym";
				ENABLE_NS_ASSERTIONS = NO;
				ENABLE_STRICT_OBJC_MSGSEND = YES;
				ENABLE_USER_SCRIPT_SANDBOXING = YES;
				GCC_C_LANGUAGE_STANDARD = gnu17;
				GCC_NO_COMMON_BLOCKS = YES;
				GCC_WARN_64_TO_32_BIT_CONVERSION = YES;
				GCC_WARN_ABOUT_RETURN_TYPE = YES_ERROR;
				GCC_WARN_UNDECLARED_SELECTOR = YES;
				GCC_WARN_UNINITIALIZED_AUTOS = YES_AGGRESSIVE;
				GCC_WARN_UNUSED_FUNCTION = YES;
				GCC_WARN_UNUSED_VARIABLE = YES;
				IPHONEOS_DEPLOYMENT_TARGET = 17.0;
				LOCALIZATION_PREFERS_STRING_CATALOGS = YES;
				MTL_ENABLE_DEBUG_INFO = NO;
				MTL_FAST_MATH = YES;
				SDKROOT = iphoneos;
				SWIFT_COMPILATION_MODE = wholemodule;
				VALIDATE_PRODUCT = YES;
			};
			name = Release;
		};
		48C1A0EE2AFC182100BF0582 /* Debug */ = {
			isa = XCBuildConfiguration;
			buildSettings = {
				ASSETCATALOG_COMPILER_APPICON_NAME = AppIcon;
				ASSETCATALOG_COMPILER_GLOBAL_ACCENT_COLOR_NAME = AccentColor;
				CODE_SIGN_STYLE = Automatic;
				CURRENT_PROJECT_VERSION = 1;
				DEVELOPMENT_ASSET_PATHS = "\"ABEMolds/Preview Content\"";
				DEVELOPMENT_TEAM = VVDM44X8GF;
				ENABLE_PREVIEWS = YES;
				GENERATE_INFOPLIST_FILE = YES;
				INFOPLIST_KEY_NSCameraUsageDescription = "The app requires";
				INFOPLIST_KEY_UIApplicationSceneManifest_Generation = YES;
				INFOPLIST_KEY_UIApplicationSupportsIndirectInputEvents = YES;
				INFOPLIST_KEY_UILaunchScreen_Generation = YES;
				INFOPLIST_KEY_UISupportedInterfaceOrientations = UIInterfaceOrientationPortrait;
				IPHONEOS_DEPLOYMENT_TARGET = 17.0;
				LD_RUNPATH_SEARCH_PATHS = (
					"$(inherited)",
					"@executable_path/Frameworks",
				);
				MARKETING_VERSION = 1.0;
				PRODUCT_BUNDLE_IDENTIFIER = com.abe.abemolds.ABEMolds;
				PRODUCT_NAME = "$(TARGET_NAME)";
				SWIFT_EMIT_LOC_STRINGS = YES;
				SWIFT_VERSION = 5.0;
				TARGETED_DEVICE_FAMILY = "1,2";
			};
			name = Debug;
		};
		48C1A0EF2AFC182100BF0582 /* Release */ = {
			isa = XCBuildConfiguration;
			buildSettings = {
				ASSETCATALOG_COMPILER_APPICON_NAME = AppIcon;
				ASSETCATALOG_COMPILER_GLOBAL_ACCENT_COLOR_NAME = AccentColor;
				CODE_SIGN_STYLE = Automatic;
				CURRENT_PROJECT_VERSION = 1;
				DEVELOPMENT_ASSET_PATHS = "\"ABEMolds/Preview Content\"";
				DEVELOPMENT_TEAM = VVDM44X8GF;
				ENABLE_PREVIEWS = YES;
				GENERATE_INFOPLIST_FILE = YES;
				INFOPLIST_KEY_NSCameraUsageDescription = "The app requires";
				INFOPLIST_KEY_UIApplicationSceneManifest_Generation = YES;
				INFOPLIST_KEY_UIApplicationSupportsIndirectInputEvents = YES;
				INFOPLIST_KEY_UILaunchScreen_Generation = YES;
				INFOPLIST_KEY_UISupportedInterfaceOrientations = UIInterfaceOrientationPortrait;
				IPHONEOS_DEPLOYMENT_TARGET = 17.0;
				LD_RUNPATH_SEARCH_PATHS = (
					"$(inherited)",
					"@executable_path/Frameworks",
				);
				MARKETING_VERSION = 1.0;
				PRODUCT_BUNDLE_IDENTIFIER = com.abe.abemolds.ABEMolds;
				PRODUCT_NAME = "$(TARGET_NAME)";
				SWIFT_EMIT_LOC_STRINGS = YES;
				SWIFT_VERSION = 5.0;
				TARGETED_DEVICE_FAMILY = "1,2";
			};
			name = Release;
		};
		48C1A0F12AFC182100BF0582 /* Debug */ = {
			isa = XCBuildConfiguration;
			buildSettings = {
				ALWAYS_EMBED_SWIFT_STANDARD_LIBRARIES = YES;
				BUNDLE_LOADER = "$(TEST_HOST)";
				CODE_SIGN_STYLE = Automatic;
				CURRENT_PROJECT_VERSION = 1;
				DEVELOPMENT_TEAM = VVDM44X8GF;
				GENERATE_INFOPLIST_FILE = YES;
				IPHONEOS_DEPLOYMENT_TARGET = 17.0;
				MARKETING_VERSION = 1.0;
				PRODUCT_BUNDLE_IDENTIFIER = com.abe.abemolds.ABEMoldsTests;
				PRODUCT_NAME = "$(TARGET_NAME)";
				SWIFT_EMIT_LOC_STRINGS = NO;
				SWIFT_VERSION = 5.0;
				TARGETED_DEVICE_FAMILY = "1,2";
				TEST_HOST = "$(BUILT_PRODUCTS_DIR)/ABEMolds.app/$(BUNDLE_EXECUTABLE_FOLDER_PATH)/ABEMolds";
			};
			name = Debug;
		};
		48C1A0F22AFC182100BF0582 /* Release */ = {
			isa = XCBuildConfiguration;
			buildSettings = {
				ALWAYS_EMBED_SWIFT_STANDARD_LIBRARIES = YES;
				BUNDLE_LOADER = "$(TEST_HOST)";
				CODE_SIGN_STYLE = Automatic;
				CURRENT_PROJECT_VERSION = 1;
				DEVELOPMENT_TEAM = VVDM44X8GF;
				GENERATE_INFOPLIST_FILE = YES;
				IPHONEOS_DEPLOYMENT_TARGET = 17.0;
				MARKETING_VERSION = 1.0;
				PRODUCT_BUNDLE_IDENTIFIER = com.abe.abemolds.ABEMoldsTests;
				PRODUCT_NAME = "$(TARGET_NAME)";
				SWIFT_EMIT_LOC_STRINGS = NO;
				SWIFT_VERSION = 5.0;
				TARGETED_DEVICE_FAMILY = "1,2";
				TEST_HOST = "$(BUILT_PRODUCTS_DIR)/ABEMolds.app/$(BUNDLE_EXECUTABLE_FOLDER_PATH)/ABEMolds";
			};
			name = Release;
		};
		48C1A0F42AFC182100BF0582 /* Debug */ = {
			isa = XCBuildConfiguration;
			buildSettings = {
				ALWAYS_EMBED_SWIFT_STANDARD_LIBRARIES = YES;
				CODE_SIGN_STYLE = Automatic;
				CURRENT_PROJECT_VERSION = 1;
				DEVELOPMENT_TEAM = VVDM44X8GF;
				GENERATE_INFOPLIST_FILE = YES;
				MARKETING_VERSION = 1.0;
				PRODUCT_BUNDLE_IDENTIFIER = com.abe.abemolds.ABEMoldsUITests;
				PRODUCT_NAME = "$(TARGET_NAME)";
				SWIFT_EMIT_LOC_STRINGS = NO;
				SWIFT_VERSION = 5.0;
				TARGETED_DEVICE_FAMILY = "1,2";
				TEST_TARGET_NAME = ABEMolds;
			};
			name = Debug;
		};
		48C1A0F52AFC182100BF0582 /* Release */ = {
			isa = XCBuildConfiguration;
			buildSettings = {
				ALWAYS_EMBED_SWIFT_STANDARD_LIBRARIES = YES;
				CODE_SIGN_STYLE = Automatic;
				CURRENT_PROJECT_VERSION = 1;
				DEVELOPMENT_TEAM = VVDM44X8GF;
				GENERATE_INFOPLIST_FILE = YES;
				MARKETING_VERSION = 1.0;
				PRODUCT_BUNDLE_IDENTIFIER = com.abe.abemolds.ABEMoldsUITests;
				PRODUCT_NAME = "$(TARGET_NAME)";
				SWIFT_EMIT_LOC_STRINGS = NO;
				SWIFT_VERSION = 5.0;
				TARGETED_DEVICE_FAMILY = "1,2";
				TEST_TARGET_NAME = ABEMolds;
			};
			name = Release;
		};
/* End XCBuildConfiguration section */

/* Begin XCConfigurationList section */
		48C1A0C42AFC182000BF0582 /* Build configuration list for PBXProject "ABEMolds" */ = {
			isa = XCConfigurationList;
			buildConfigurations = (
				48C1A0EB2AFC182100BF0582 /* Debug */,
				48C1A0EC2AFC182100BF0582 /* Release */,
			);
			defaultConfigurationIsVisible = 0;
			defaultConfigurationName = Release;
		};
		48C1A0ED2AFC182100BF0582 /* Build configuration list for PBXNativeTarget "ABEMolds" */ = {
			isa = XCConfigurationList;
			buildConfigurations = (
				48C1A0EE2AFC182100BF0582 /* Debug */,
				48C1A0EF2AFC182100BF0582 /* Release */,
			);
			defaultConfigurationIsVisible = 0;
			defaultConfigurationName = Release;
		};
		48C1A0F02AFC182100BF0582 /* Build configuration list for PBXNativeTarget "ABEMoldsTests" */ = {
			isa = XCConfigurationList;
			buildConfigurations = (
				48C1A0F12AFC182100BF0582 /* Debug */,
				48C1A0F22AFC182100BF0582 /* Release */,
			);
			defaultConfigurationIsVisible = 0;
			defaultConfigurationName = Release;
		};
		48C1A0F32AFC182100BF0582 /* Build configuration list for PBXNativeTarget "ABEMoldsUITests" */ = {
			isa = XCConfigurationList;
			buildConfigurations = (
				48C1A0F42AFC182100BF0582 /* Debug */,
				48C1A0F52AFC182100BF0582 /* Release */,
			);
			defaultConfigurationIsVisible = 0;
			defaultConfigurationName = Release;
		};
/* End XCConfigurationList section */

/* Begin XCRemoteSwiftPackageReference section */
		485C645D2B3E566900C94F86 /* XCRemoteSwiftPackageReference "firebase-ios-sdk" */ = {
			isa = XCRemoteSwiftPackageReference;
			repositoryURL = "https://github.com/firebase/firebase-ios-sdk";
			requirement = {
				kind = upToNextMajorVersion;
				minimumVersion = 10.19.1;
			};
		};
		48BEA5562B044046002B7C67 /* XCRemoteSwiftPackageReference "ChartView" */ = {
			isa = XCRemoteSwiftPackageReference;
			repositoryURL = "https://github.com/AppPear/ChartView";
			requirement = {
				kind = upToNextMajorVersion;
				minimumVersion = 1.5.5;
			};
		};
/* End XCRemoteSwiftPackageReference section */

/* Begin XCSwiftPackageProductDependency section */
		485C645F2B3E575500C94F86 /* FirebaseAnalytics */ = {
			isa = XCSwiftPackageProductDependency;
			package = 485C645D2B3E566900C94F86 /* XCRemoteSwiftPackageReference "firebase-ios-sdk" */;
			productName = FirebaseAnalytics;
		};
		485C64612B3E575500C94F86 /* FirebaseAuth */ = {
			isa = XCSwiftPackageProductDependency;
			package = 485C645D2B3E566900C94F86 /* XCRemoteSwiftPackageReference "firebase-ios-sdk" */;
			productName = FirebaseAuth;
		};
		485C64632B3E575500C94F86 /* FirebaseDatabase */ = {
			isa = XCSwiftPackageProductDependency;
			package = 485C645D2B3E566900C94F86 /* XCRemoteSwiftPackageReference "firebase-ios-sdk" */;
			productName = FirebaseDatabase;
		};
		485C64652B3E575500C94F86 /* FirebaseFirestore */ = {
			isa = XCSwiftPackageProductDependency;
			package = 485C645D2B3E566900C94F86 /* XCRemoteSwiftPackageReference "firebase-ios-sdk" */;
			productName = FirebaseFirestore;
		};
		485C64672B3E575500C94F86 /* FirebaseStorage */ = {
			isa = XCSwiftPackageProductDependency;
			package = 485C645D2B3E566900C94F86 /* XCRemoteSwiftPackageReference "firebase-ios-sdk" */;
			productName = FirebaseStorage;
		};
		48BEA5572B044046002B7C67 /* SwiftUICharts */ = {
			isa = XCSwiftPackageProductDependency;
			package = 48BEA5562B044046002B7C67 /* XCRemoteSwiftPackageReference "ChartView" */;
			productName = SwiftUICharts;
		};
/* End XCSwiftPackageProductDependency section */
	};
	rootObject = 48C1A0C12AFC182000BF0582 /* Project object */;
}
